
Microsoft Visual Studio Solution File, Format Version 12.00
# Visual Studio Version 17
VisualStudioVersion = 17.2.32526.322
MinimumVisualStudioVersion = 10.0.40219.1
Project("{FAE04EC0-301F-11D3-BF4B-00C04F79EFBC}") = "EmployeeProject", "EmployeeProject\EmployeeProject.csproj", "{67D5BA44-B4E8-4C04-B268-160910B04E02}"
EndProject
Global
	GlobalSection(SolutionConfigurationPlatforms) = preSolution
		Debug|Any CPU = Debug|Any CPU
		Release|Any CPU = Release|Any CPU
	EndGlobalSection
	GlobalSection(ProjectConfigurationPlatforms) = postSolution
		{67D5BA44-B4E8-4C04-B268-160910B04E02}.Debug|Any CPU.ActiveCfg = Debug|Any CPU
		{67D5BA44-B4E8-4C04-B268-160910B04E02}.Debug|Any CPU.Build.0 = Debug|Any CPU
		{67D5BA44-B4E8-4C04-B268-160910B04E02}.Release|Any CPU.ActiveCfg = Release|Any CPU
		{67D5BA44-B4E8-4C04-B268-160910B04E02}.Release|Any CPU.Build.0 = Release|Any CPU
	EndGlobalSection
	GlobalSection(SolutionProperties) = preSolution
		HideSolutionNode = FALSE
	EndGlobalSection
	GlobalSection(ExtensibilityGlobals) = postSolution
		SolutionGuid = {25FB00B2-301D-4543-BB8C-994B72EACEFF}
	EndGlobalSection
EndGlobal
